
Microsoft Visual Studio Solution File, Format Version 12.00
# Visual Studio Version 17
VisualStudioVersion = 17.10.35013.160
MinimumVisualStudioVersion = 10.0.40219.1
Project("{9A19103F-16F7-4668-BE54-9A1E7A4F7556}") = "DemoQA.SpecFlow.Testing", "DemoQA.SpecFlow.Testing\DemoQA.SpecFlow.Testing.csproj", "{D33C36CC-63A3-4D46-B16B-8D36014E1767}"
EndProject
Project("{9A19103F-16F7-4668-BE54-9A1E7A4F7556}") = "DemoQA.SpecFlow.Core", "DemoQA.SpecFlow.Core\DemoQA.SpecFlow.Core.csproj", "{E2B05337-DB42-41A7-BC8C-5A4C3149C99E}"
EndProject
Project("{FAE04EC0-301F-11D3-BF4B-00C04F79EFBC}") = "DemoQA.SpecFlow.Service", "DemoQA.SpecFlow.Service\DemoQA.SpecFlow.Service.csproj", "{3D365BAA-9BBB-4152-B82C-2A17CD0EDBD6}"
EndProject
Global
	GlobalSection(SolutionConfigurationPlatforms) = preSolution
		Debug|Any CPU = Debug|Any CPU
		Release|Any CPU = Release|Any CPU
	EndGlobalSection
	GlobalSection(ProjectConfigurationPlatforms) = postSolution
		{D33C36CC-63A3-4D46-B16B-8D36014E1767}.Debug|Any CPU.ActiveCfg = Debug|Any CPU
		{D33C36CC-63A3-4D46-B16B-8D36014E1767}.Debug|Any CPU.Build.0 = Debug|Any CPU
		{D33C36CC-63A3-4D46-B16B-8D36014E1767}.Release|Any CPU.ActiveCfg = Release|Any CPU
		{D33C36CC-63A3-4D46-B16B-8D36014E1767}.Release|Any CPU.Build.0 = Release|Any CPU
		{E2B05337-DB42-41A7-BC8C-5A4C3149C99E}.Debug|Any CPU.ActiveCfg = Debug|Any CPU
		{E2B05337-DB42-41A7-BC8C-5A4C3149C99E}.Debug|Any CPU.Build.0 = Debug|Any CPU
		{E2B05337-DB42-41A7-BC8C-5A4C3149C99E}.Release|Any CPU.ActiveCfg = Release|Any CPU
		{E2B05337-DB42-41A7-BC8C-5A4C3149C99E}.Release|Any CPU.Build.0 = Release|Any CPU
		{3D365BAA-9BBB-4152-B82C-2A17CD0EDBD6}.Debug|Any CPU.ActiveCfg = Debug|Any CPU
		{3D365BAA-9BBB-4152-B82C-2A17CD0EDBD6}.Debug|Any CPU.Build.0 = Debug|Any CPU
		{3D365BAA-9BBB-4152-B82C-2A17CD0EDBD6}.Release|Any CPU.ActiveCfg = Release|Any CPU
		{3D365BAA-9BBB-4152-B82C-2A17CD0EDBD6}.Release|Any CPU.Build.0 = Release|Any CPU
	EndGlobalSection
	GlobalSection(SolutionProperties) = preSolution
		HideSolutionNode = FALSE
	EndGlobalSection
	GlobalSection(ExtensibilityGlobals) = postSolution
		SolutionGuid = {D02BA7D8-46BD-4E8F-A5F3-AF3CB7E0ACBC}
	EndGlobalSection
EndGlobal
